
Microsoft Visual Studio Solution File, Format Version 12.00
# Visual Studio Version 16
VisualStudioVersion = 16.0.30717.126
MinimumVisualStudioVersion = 15.0.26124.0
Project("{2150E333-8FDC-42A3-9474-1A3956D46DE8}") = "ImagePullers", "ImagePullers", "{0A1A112E-A4A7-4FFE-A732-572ADD70B4FC}"
EndProject
Project("{9A19103F-16F7-4668-BE54-9A1E7A4F7556}") = "ImagePuller", "IImagePuller\ImagePuller.csproj", "{7D064947-5D3E-48D6-B54B-DB381C7A0C30}"
EndProject
Project("{9A19103F-16F7-4668-BE54-9A1E7A4F7556}") = "ImageDanbooruPuller", "ImageDanbooruPuller\ImageDanbooruPuller.csproj", "{F9FB71A2-F410-4CC4-9B9E-1DC75F9CFBB5}"
EndProject
Project("{2150E333-8FDC-42A3-9474-1A3956D46DE8}") = "ImagePushers", "ImagePushers", "{394125E9-2A88-44F4-96FE-DBF57492E840}"
EndProject
Project("{9A19103F-16F7-4668-BE54-9A1E7A4F7556}") = "ImagePusher", "IImagePusher\ImagePusher.csproj", "{7AC0FDC4-9A16-483F-9EFF-1753C4954195}"
EndProject
Project("{9A19103F-16F7-4668-BE54-9A1E7A4F7556}") = "DiscrordWebhookImagePusher", "DiscrordWebhookImagePusher\DiscrordWebhookImagePusher.csproj", "{DE080C2F-EDB2-4EE8-AF2A-C888FCC1DFEA}"
EndProject
Project("{9A19103F-16F7-4668-BE54-9A1E7A4F7556}") = "WebImageChosenRepository", "FileChosenImageRepository\WebImageChosenRepository.csproj", "{585EFD43-3324-4037-AEDF-2231EF452337}"
EndProject
Project("{9A19103F-16F7-4668-BE54-9A1E7A4F7556}") = "LewdBox.Application", "LewdBox.Application\LewdBox.Application.csproj", "{BF8C9B4D-36A4-4806-93D5-F825D1ED8BFB}"
EndProject
Project("{9A19103F-16F7-4668-BE54-9A1E7A4F7556}") = "LewdBox.Console", "LewdBox.Console\LewdBox.Console.csproj", "{F7F96779-7840-4BAD-A514-C36B5670471E}"
EndProject
Project("{9A19103F-16F7-4668-BE54-9A1E7A4F7556}") = "LBox.Shared", "LBox.Shared\LBox.Shared.csproj", "{B0300BC6-7C8D-4677-BA69-2DD5E752BA70}"
EndProject
Global
	GlobalSection(SolutionConfigurationPlatforms) = preSolution
		Debug|Any CPU = Debug|Any CPU
		Debug|x64 = Debug|x64
		Debug|x86 = Debug|x86
		Release|Any CPU = Release|Any CPU
		Release|x64 = Release|x64
		Release|x86 = Release|x86
	EndGlobalSection
	GlobalSection(ProjectConfigurationPlatforms) = postSolution
		{7D064947-5D3E-48D6-B54B-DB381C7A0C30}.Debug|Any CPU.ActiveCfg = Debug|Any CPU
		{7D064947-5D3E-48D6-B54B-DB381C7A0C30}.Debug|Any CPU.Build.0 = Debug|Any CPU
		{7D064947-5D3E-48D6-B54B-DB381C7A0C30}.Debug|x64.ActiveCfg = Debug|Any CPU
		{7D064947-5D3E-48D6-B54B-DB381C7A0C30}.Debug|x64.Build.0 = Debug|Any CPU
		{7D064947-5D3E-48D6-B54B-DB381C7A0C30}.Debug|x86.ActiveCfg = Debug|Any CPU
		{7D064947-5D3E-48D6-B54B-DB381C7A0C30}.Debug|x86.Build.0 = Debug|Any CPU
		{7D064947-5D3E-48D6-B54B-DB381C7A0C30}.Release|Any CPU.ActiveCfg = Release|Any CPU
		{7D064947-5D3E-48D6-B54B-DB381C7A0C30}.Release|Any CPU.Build.0 = Release|Any CPU
		{7D064947-5D3E-48D6-B54B-DB381C7A0C30}.Release|x64.ActiveCfg = Release|Any CPU
		{7D064947-5D3E-48D6-B54B-DB381C7A0C30}.Release|x64.Build.0 = Release|Any CPU
		{7D064947-5D3E-48D6-B54B-DB381C7A0C30}.Release|x86.ActiveCfg = Release|Any CPU
		{7D064947-5D3E-48D6-B54B-DB381C7A0C30}.Release|x86.Build.0 = Release|Any CPU
		{F9FB71A2-F410-4CC4-9B9E-1DC75F9CFBB5}.Debug|Any CPU.ActiveCfg = Debug|Any CPU
		{F9FB71A2-F410-4CC4-9B9E-1DC75F9CFBB5}.Debug|Any CPU.Build.0 = Debug|Any CPU
		{F9FB71A2-F410-4CC4-9B9E-1DC75F9CFBB5}.Debug|x64.ActiveCfg = Debug|Any CPU
		{F9FB71A2-F410-4CC4-9B9E-1DC75F9CFBB5}.Debug|x64.Build.0 = Debug|Any CPU
		{F9FB71A2-F410-4CC4-9B9E-1DC75F9CFBB5}.Debug|x86.ActiveCfg = Debug|Any CPU
		{F9FB71A2-F410-4CC4-9B9E-1DC75F9CFBB5}.Debug|x86.Build.0 = Debug|Any CPU
		{F9FB71A2-F410-4CC4-9B9E-1DC75F9CFBB5}.Release|Any CPU.ActiveCfg = Release|Any CPU
		{F9FB71A2-F410-4CC4-9B9E-1DC75F9CFBB5}.Release|Any CPU.Build.0 = Release|Any CPU
		{F9FB71A2-F410-4CC4-9B9E-1DC75F9CFBB5}.Release|x64.ActiveCfg = Release|Any CPU
		{F9FB71A2-F410-4CC4-9B9E-1DC75F9CFBB5}.Release|x64.Build.0 = Release|Any CPU
		{F9FB71A2-F410-4CC4-9B9E-1DC75F9CFBB5}.Release|x86.ActiveCfg = Release|Any CPU
		{F9FB71A2-F410-4CC4-9B9E-1DC75F9CFBB5}.Release|x86.Build.0 = Release|Any CPU
		{7AC0FDC4-9A16-483F-9EFF-1753C4954195}.Debug|Any CPU.ActiveCfg = Debug|Any CPU
		{7AC0FDC4-9A16-483F-9EFF-1753C4954195}.Debug|Any CPU.Build.0 = Debug|Any CPU
		{7AC0FDC4-9A16-483F-9EFF-1753C4954195}.Debug|x64.ActiveCfg = Debug|Any CPU
		{7AC0FDC4-9A16-483F-9EFF-1753C4954195}.Debug|x64.Build.0 = Debug|Any CPU
		{7AC0FDC4-9A16-483F-9EFF-1753C4954195}.Debug|x86.ActiveCfg = Debug|Any CPU
		{7AC0FDC4-9A16-483F-9EFF-1753C4954195}.Debug|x86.Build.0 = Debug|Any CPU
		{7AC0FDC4-9A16-483F-9EFF-1753C4954195}.Release|Any CPU.ActiveCfg = Release|Any CPU
		{7AC0FDC4-9A16-483F-9EFF-1753C4954195}.Release|Any CPU.Build.0 = Release|Any CPU
		{7AC0FDC4-9A16-483F-9EFF-1753C4954195}.Release|x64.ActiveCfg = Release|Any CPU
		{7AC0FDC4-9A16-483F-9EFF-1753C4954195}.Release|x64.Build.0 = Release|Any CPU
		{7AC0FDC4-9A16-483F-9EFF-1753C4954195}.Release|x86.ActiveCfg = Release|Any CPU
		{7AC0FDC4-9A16-483F-9EFF-1753C4954195}.Release|x86.Build.0 = Release|Any CPU
		{DE080C2F-EDB2-4EE8-AF2A-C888FCC1DFEA}.Debug|Any CPU.ActiveCfg = Debug|Any CPU
		{DE080C2F-EDB2-4EE8-AF2A-C888FCC1DFEA}.Debug|Any CPU.Build.0 = Debug|Any CPU
		{DE080C2F-EDB2-4EE8-AF2A-C888FCC1DFEA}.Debug|x64.ActiveCfg = Debug|Any CPU
		{DE080C2F-EDB2-4EE8-AF2A-C888FCC1DFEA}.Debug|x64.Build.0 = Debug|Any CPU
		{DE080C2F-EDB2-4EE8-AF2A-C888FCC1DFEA}.Debug|x86.ActiveCfg = Debug|Any CPU
		{DE080C2F-EDB2-4EE8-AF2A-C888FCC1DFEA}.Debug|x86.Build.0 = Debug|Any CPU
		{DE080C2F-EDB2-4EE8-AF2A-C888FCC1DFEA}.Release|Any CPU.ActiveCfg = Release|Any CPU
		{DE080C2F-EDB2-4EE8-AF2A-C888FCC1DFEA}.Release|Any CPU.Build.0 = Release|Any CPU
		{DE080C2F-EDB2-4EE8-AF2A-C888FCC1DFEA}.Release|x64.ActiveCfg = Release|Any CPU
		{DE080C2F-EDB2-4EE8-AF2A-C888FCC1DFEA}.Release|x64.Build.0 = Release|Any CPU
		{DE080C2F-EDB2-4EE8-AF2A-C888FCC1DFEA}.Release|x86.ActiveCfg = Release|Any CPU
		{DE080C2F-EDB2-4EE8-AF2A-C888FCC1DFEA}.Release|x86.Build.0 = Release|Any CPU
		{585EFD43-3324-4037-AEDF-2231EF452337}.Debug|Any CPU.ActiveCfg = Debug|Any CPU
		{585EFD43-3324-4037-AEDF-2231EF452337}.Debug|Any CPU.Build.0 = Debug|Any CPU
		{585EFD43-3324-4037-AEDF-2231EF452337}.Debug|x64.ActiveCfg = Debug|Any CPU
		{585EFD43-3324-4037-AEDF-2231EF452337}.Debug|x64.Build.0 = Debug|Any CPU
		{585EFD43-3324-4037-AEDF-2231EF452337}.Debug|x86.ActiveCfg = Debug|Any CPU
		{585EFD43-3324-4037-AEDF-2231EF452337}.Debug|x86.Build.0 = Debug|Any CPU
		{585EFD43-3324-4037-AEDF-2231EF452337}.Release|Any CPU.ActiveCfg = Release|Any CPU
		{585EFD43-3324-4037-AEDF-2231EF452337}.Release|Any CPU.Build.0 = Release|Any CPU
		{585EFD43-3324-4037-AEDF-2231EF452337}.Release|x64.ActiveCfg = Release|Any CPU
		{585EFD43-3324-4037-AEDF-2231EF452337}.Release|x64.Build.0 = Release|Any CPU
		{585EFD43-3324-4037-AEDF-2231EF452337}.Release|x86.ActiveCfg = Release|Any CPU
		{585EFD43-3324-4037-AEDF-2231EF452337}.Release|x86.Build.0 = Release|Any CPU
		{BF8C9B4D-36A4-4806-93D5-F825D1ED8BFB}.Debug|Any CPU.ActiveCfg = Debug|Any CPU
		{BF8C9B4D-36A4-4806-93D5-F825D1ED8BFB}.Debug|Any CPU.Build.0 = Debug|Any CPU
		{BF8C9B4D-36A4-4806-93D5-F825D1ED8BFB}.Debug|x64.ActiveCfg = Debug|Any CPU
		{BF8C9B4D-36A4-4806-93D5-F825D1ED8BFB}.Debug|x64.Build.0 = Debug|Any CPU
		{BF8C9B4D-36A4-4806-93D5-F825D1ED8BFB}.Debug|x86.ActiveCfg = Debug|Any CPU
		{BF8C9B4D-36A4-4806-93D5-F825D1ED8BFB}.Debug|x86.Build.0 = Debug|Any CPU
		{BF8C9B4D-36A4-4806-93D5-F825D1ED8BFB}.Release|Any CPU.ActiveCfg = Release|Any CPU
		{BF8C9B4D-36A4-4806-93D5-F825D1ED8BFB}.Release|Any CPU.Build.0 = Release|Any CPU
		{BF8C9B4D-36A4-4806-93D5-F825D1ED8BFB}.Release|x64.ActiveCfg = Release|Any CPU
		{BF8C9B4D-36A4-4806-93D5-F825D1ED8BFB}.Release|x64.Build.0 = Release|Any CPU
		{BF8C9B4D-36A4-4806-93D5-F825D1ED8BFB}.Release|x86.ActiveCfg = Release|Any CPU
		{BF8C9B4D-36A4-4806-93D5-F825D1ED8BFB}.Release|x86.Build.0 = Release|Any CPU
		{F7F96779-7840-4BAD-A514-C36B5670471E}.Debug|Any CPU.ActiveCfg = Debug|Any CPU
		{F7F96779-7840-4BAD-A514-C36B5670471E}.Debug|Any CPU.Build.0 = Debug|Any CPU
		{F7F96779-7840-4BAD-A514-C36B5670471E}.Debug|x64.ActiveCfg = Debug|Any CPU
		{F7F96779-7840-4BAD-A514-C36B5670471E}.Debug|x64.Build.0 = Debug|Any CPU
		{F7F96779-7840-4BAD-A514-C36B5670471E}.Debug|x86.ActiveCfg = Debug|Any CPU
		{F7F96779-7840-4BAD-A514-C36B5670471E}.Debug|x86.Build.0 = Debug|Any CPU
		{F7F96779-7840-4BAD-A514-C36B5670471E}.Release|Any CPU.ActiveCfg = Release|Any CPU
		{F7F96779-7840-4BAD-A514-C36B5670471E}.Release|Any CPU.Build.0 = Release|Any CPU
		{F7F96779-7840-4BAD-A514-C36B5670471E}.Release|x64.ActiveCfg = Release|Any CPU
		{F7F96779-7840-4BAD-A514-C36B5670471E}.Release|x64.Build.0 = Release|Any CPU
		{F7F96779-7840-4BAD-A514-C36B5670471E}.Release|x86.ActiveCfg = Release|Any CPU
		{F7F96779-7840-4BAD-A514-C36B5670471E}.Release|x86.Build.0 = Release|Any CPU
		{B0300BC6-7C8D-4677-BA69-2DD5E752BA70}.Debug|Any CPU.ActiveCfg = Debug|Any CPU
		{B0300BC6-7C8D-4677-BA69-2DD5E752BA70}.Debug|Any CPU.Build.0 = Debug|Any CPU
		{B0300BC6-7C8D-4677-BA69-2DD5E752BA70}.Debug|x64.ActiveCfg = Debug|Any CPU
		{B0300BC6-7C8D-4677-BA69-2DD5E752BA70}.Debug|x64.Build.0 = Debug|Any CPU
		{B0300BC6-7C8D-4677-BA69-2DD5E752BA70}.Debug|x86.ActiveCfg = Debug|Any CPU
		{B0300BC6-7C8D-4677-BA69-2DD5E752BA70}.Debug|x86.Build.0 = Debug|Any CPU
		{B0300BC6-7C8D-4677-BA69-2DD5E752BA70}.Release|Any CPU.ActiveCfg = Release|Any CPU
		{B0300BC6-7C8D-4677-BA69-2DD5E752BA70}.Release|Any CPU.Build.0 = Release|Any CPU
		{B0300BC6-7C8D-4677-BA69-2DD5E752BA70}.Release|x64.ActiveCfg = Release|Any CPU
		{B0300BC6-7C8D-4677-BA69-2DD5E752BA70}.Release|x64.Build.0 = Release|Any CPU
		{B0300BC6-7C8D-4677-BA69-2DD5E752BA70}.Release|x86.ActiveCfg = Release|Any CPU
		{B0300BC6-7C8D-4677-BA69-2DD5E752BA70}.Release|x86.Build.0 = Release|Any CPU
	EndGlobalSection
	GlobalSection(SolutionProperties) = preSolution
		HideSolutionNode = FALSE
	EndGlobalSection
	GlobalSection(NestedProjects) = preSolution
		{7D064947-5D3E-48D6-B54B-DB381C7A0C30} = {0A1A112E-A4A7-4FFE-A732-572ADD70B4FC}
		{F9FB71A2-F410-4CC4-9B9E-1DC75F9CFBB5} = {0A1A112E-A4A7-4FFE-A732-572ADD70B4FC}
		{7AC0FDC4-9A16-483F-9EFF-1753C4954195} = {394125E9-2A88-44F4-96FE-DBF57492E840}
		{DE080C2F-EDB2-4EE8-AF2A-C888FCC1DFEA} = {394125E9-2A88-44F4-96FE-DBF57492E840}
		{585EFD43-3324-4037-AEDF-2231EF452337} = {0A1A112E-A4A7-4FFE-A732-572ADD70B4FC}
	EndGlobalSection
	GlobalSection(ExtensibilityGlobals) = postSolution
		SolutionGuid = {75006FE0-0B73-47DC-8129-BBA229EEE38D}
	EndGlobalSection
EndGlobal
